
Microsoft Visual Studio Solution File, Format Version 12.00
# Visual Studio Version 17
VisualStudioVersion = 17.0.32002.185
MinimumVisualStudioVersion = 10.0.40219.1
Project("{FAE04EC0-301F-11D3-BF4B-00C04F79EFBC}") = "AppMenu", "AppMenu.csproj", "{5C6034AC-2644-4314-9870-41F94BB9B00B}"
EndProject
Global
	GlobalSection(SolutionConfigurationPlatforms) = preSolution
		Debug|arm64 = Debug|arm64
		Debug|x64 = Debug|x64
		Debug|x86 = Debug|x86
		Release|arm64 = Release|arm64
		Release|x64 = Release|x64
		Release|x86 = Release|x86
	EndGlobalSection
	GlobalSection(ProjectConfigurationPlatforms) = postSolution
		{5C6034AC-2644-4314-9870-41F94BB9B00B}.Debug|arm64.ActiveCfg = Debug|arm64
		{5C6034AC-2644-4314-9870-41F94BB9B00B}.Debug|arm64.Build.0 = Debug|arm64
		{5C6034AC-2644-4314-9870-41F94BB9B00B}.Debug|arm64.Deploy.0 = Debug|arm64
		{5C6034AC-2644-4314-9870-41F94BB9B00B}.Debug|x64.ActiveCfg = Debug|x64
		{5C6034AC-2644-4314-9870-41F94BB9B00B}.Debug|x64.Build.0 = Debug|x64
		{5C6034AC-2644-4314-9870-41F94BB9B00B}.Debug|x64.Deploy.0 = Debug|x64
		{5C6034AC-2644-4314-9870-41F94BB9B00B}.Debug|x86.ActiveCfg = Debug|x86
		{5C6034AC-2644-4314-9870-41F94BB9B00B}.Debug|x86.Build.0 = Debug|x86
		{5C6034AC-2644-4314-9870-41F94BB9B00B}.Debug|x86.Deploy.0 = Debug|x86
		{5C6034AC-2644-4314-9870-41F94BB9B00B}.Release|arm64.ActiveCfg = Release|arm64
		{5C6034AC-2644-4314-9870-41F94BB9B00B}.Release|arm64.Build.0 = Release|arm64
		{5C6034AC-2644-4314-9870-41F94BB9B00B}.Release|arm64.Deploy.0 = Release|arm64
		{5C6034AC-2644-4314-9870-41F94BB9B00B}.Release|x64.ActiveCfg = Release|x64
		{5C6034AC-2644-4314-9870-41F94BB9B00B}.Release|x64.Build.0 = Release|x64
		{5C6034AC-2644-4314-9870-41F94BB9B00B}.Release|x64.Deploy.0 = Release|x64
		{5C6034AC-2644-4314-9870-41F94BB9B00B}.Release|x86.ActiveCfg = Release|x86
		{5C6034AC-2644-4314-9870-41F94BB9B00B}.Release|x86.Build.0 = Release|x86
		{5C6034AC-2644-4314-9870-41F94BB9B00B}.Release|x86.Deploy.0 = Release|x86
	EndGlobalSection
	GlobalSection(SolutionProperties) = preSolution
		HideSolutionNode = FALSE
	EndGlobalSection
	GlobalSection(ExtensibilityGlobals) = postSolution
		SolutionGuid = {5742CDA1-0B0A-4DC2-8552-FD73F51D900B}
	EndGlobalSection
EndGlobal
